
Microsoft Visual Studio Solution File, Format Version 12.00
# Visual Studio 2013
VisualStudioVersion = 12.0.21005.1
MinimumVisualStudioVersion = 10.0.40219.1
Project("{8BC9CEB8-8B4A-11D0-8D11-00A0C91BC942}") = "10-16（复习代码）", "10-16（复习代码）\10-16（复习代码）.vcxproj", "{BFBCCDE5-5F5F-438D-9CB5-8AF4641B6FB8}"
EndProject
Global
	GlobalSection(SolutionConfigurationPlatforms) = preSolution
		Debug|Win32 = Debug|Win32
		Release|Win32 = Release|Win32
	EndGlobalSection
	GlobalSection(ProjectConfigurationPlatforms) = postSolution
		{BFBCCDE5-5F5F-438D-9CB5-8AF4641B6FB8}.Debug|Win32.ActiveCfg = Debug|Win32
		{BFBCCDE5-5F5F-438D-9CB5-8AF4641B6FB8}.Debug|Win32.Build.0 = Debug|Win32
		{BFBCCDE5-5F5F-438D-9CB5-8AF4641B6FB8}.Release|Win32.ActiveCfg = Release|Win32
		{BFBCCDE5-5F5F-438D-9CB5-8AF4641B6FB8}.Release|Win32.Build.0 = Release|Win32
	EndGlobalSection
	GlobalSection(SolutionProperties) = preSolution
		HideSolutionNode = FALSE
	EndGlobalSection
EndGlobal
